schema: '2.0'
stages:
  train_linear:
    cmd: python linear_reg_learn.py
    deps:
    - path: linear_reg_learn.py
      hash: md5
      md5: b60bf46c815b6d262fd152386ee78616
      size: 2600
    - path: prepare/X_train.csv
      hash: md5
      md5: 951ed1e034405977317d9dca0b7aa292
      size: 417024
    - path: prepare/y_train.csv
      hash: md5
      md5: 31befaa5fa07e3325ffec4fd07cf36b3
      size: 107663
    outs:
    - path: models/linear_model.pkl
      hash: md5
      md5: 188068dbb2e06aebf93698991173f49c
      size: 1087
    - path: results/linear/metrics_learn.json
      hash: md5
      md5: 50dca8c54cc09a7a141bb76c243fe83f
      size: 97
  validate_linear:
    cmd: python linear_reg_valid.py
    deps:
    - path: linear_reg_valid.py
      hash: md5
      md5: f5e6fa667e26dc3a859af841d37a52d8
      size: 1946
    - path: models/linear_model.pkl
      hash: md5
      md5: 188068dbb2e06aebf93698991173f49c
      size: 1087
    - path: prepare/X_val.csv
      hash: md5
      md5: ab6214fb595f0777887f27920ea9f4a3
      size: 278184
    - path: prepare/y_val.csv
      hash: md5
      md5: 3e9f5fb3f7224642b25e333694a4c580
      size: 71858
    outs:
    - path: results/linear/metrics_valid.json
      hash: md5
      md5: 22e94b265105d6e1e0cac156f065c407
      size: 97
  fullrun_linear:
    cmd: python linear_reg_full.py
    deps:
    - path: linear_reg_full.py
      hash: md5
      md5: 9896be80837712edaae635383a94efdf
      size: 1999
    - path: models/linear_model.pkl
      hash: md5
      md5: 188068dbb2e06aebf93698991173f49c
      size: 1087
    - path: prepare/X_full.csv
      hash: md5
      md5: 6bc73e8630953323505add078c71d90f
      size: 695097
    - path: prepare/y_full.csv
      hash: md5
      md5: 168f111a31d410b1a5f5be395dc7b27f
      size: 179501
    outs:
    - path: results/linear/metrics_full.json
      hash: md5
      md5: 492cd37b165666e9e6c57d81c4f0ebaa
      size: 96
  train_tree:
    cmd: python tree_learn.py
    deps:
    - path: prepare/X_train.csv
      hash: md5
      md5: 951ed1e034405977317d9dca0b7aa292
      size: 417024
    - path: prepare/y_train.csv
      hash: md5
      md5: 31befaa5fa07e3325ffec4fd07cf36b3
      size: 107663
    - path: tree_learn.py
      hash: md5
      md5: 90e5babaa9f0cb79b7e08b5edb11f1d5
      size: 1467
    outs:
    - path: models/tree_model.pkl
      hash: md5
      md5: 475adcb2b68b82da8811165ee12dee35
      size: 3809
    - path: results/tree/metrics_learn.json
      hash: md5
      md5: 73d1fcd7c81c83082207fe3d56afabc2
      size: 95
    - path: results/tree/tree_structure.png
      hash: md5
      md5: baf8e19b8c13998c5b3bc0aa2a08becb
      size: 98333
  validate_tree:
    cmd: python tree_valid.py
    deps:
    - path: models/tree_model.pkl
      hash: md5
      md5: 475adcb2b68b82da8811165ee12dee35
      size: 3809
    - path: prepare/X_val.csv
      hash: md5
      md5: ab6214fb595f0777887f27920ea9f4a3
      size: 278184
    - path: prepare/y_val.csv
      hash: md5
      md5: 3e9f5fb3f7224642b25e333694a4c580
      size: 71858
    - path: tree_valid.py
      hash: md5
      md5: bc017def4ecf042ac5248a347209cf0d
      size: 1925
    outs:
    - path: results/tree/actual_vs_pred_valid.png
      hash: md5
      md5: 1aa2a307d0b2e14f06a7d847ee876988
      size: 88330
    - path: results/tree/metrics_valid.json
      hash: md5
      md5: 2565a4287aff55cd85d4bd9469e1b38f
      size: 96
    - path: results/tree/residual_plot_valid.png
      hash: md5
      md5: c66449e95018fb02b7d6289a90eedcaf
      size: 70780
