schema: '2.0'
stages:
  train_linear:
    cmd: python linear_reg_learn.py
    deps:
    - path: linear_reg_learn.py
      hash: md5
      md5: b60bf46c815b6d262fd152386ee78616
      size: 2600
    - path: prepare/X_train.csv
      hash: md5
      md5: 951ed1e034405977317d9dca0b7aa292
      size: 417024
    - path: prepare/y_train.csv
      hash: md5
      md5: 31befaa5fa07e3325ffec4fd07cf36b3
      size: 107663
    outs:
    - path: models/linear_model.pkl
      hash: md5
      md5: 188068dbb2e06aebf93698991173f49c
      size: 1087
    - path: results/linear/actual_vs_pred.png
      hash: md5
      md5: f4405e3f6c8600b60b53a8dee54a423c
      size: 145237
    - path: results/linear/metrics_learn.json
      hash: md5
      md5: 50dca8c54cc09a7a141bb76c243fe83f
      size: 97
    - path: results/linear/residual_plot.png
      hash: md5
      md5: 0e8a2f65fbbffb3a3c8cb9fe9e723dfa
      size: 101063
    - path: results/linear/weights.json
      hash: md5
      md5: 3adb2ce41036632fb887e0c02eb330f3
      size: 281
  validate_linear:
    cmd: python linear_reg_valid.py
    deps:
    - path: linear_reg_valid.py
      hash: md5
      md5: c5647801e170eff3d043ab2cdadd1f00
      size: 1943
    - path: models/linear_model.pkl
      hash: md5
      md5: 188068dbb2e06aebf93698991173f49c
      size: 1087
    - path: prepare/X_val.csv
      hash: md5
      md5: ab6214fb595f0777887f27920ea9f4a3
      size: 278184
    - path: prepare/y_val.csv
      hash: md5
      md5: 3e9f5fb3f7224642b25e333694a4c580
      size: 71858
    outs:
    - path: results/linear/actual_vs_pred_valid.png
      hash: md5
      md5: cbff7d139cdb074520d781fbdb2d0a73
      size: 162213
    - path: results/linear/metrics_valid.json
      hash: md5
      md5: 22e94b265105d6e1e0cac156f065c407
      size: 97
    - path: results/linear/residual_plot_valid.png
      hash: md5
      md5: 76eb1bdba81e70c5487dfa526e8bed7c
      size: 124756
  fullrun_linear:
    cmd: python linear_reg_full.py
    deps:
    - path: linear_reg_full.py
      hash: md5
      md5: 817ca39b2f2adc802a9dea112a6bc494
      size: 1988
    - path: models/linear_model.pkl
      hash: md5
      md5: 188068dbb2e06aebf93698991173f49c
      size: 1087
    - path: prepare/X_full.csv
      hash: md5
      md5: 6bc73e8630953323505add078c71d90f
      size: 695097
    - path: prepare/y_full.csv
      hash: md5
      md5: 168f111a31d410b1a5f5be395dc7b27f
      size: 179501
    outs:
    - path: results/linear/actual_vs_pred_full.png
      hash: md5
      md5: c05bbcfab22db526a953809813b41616
      size: 146461
    - path: results/linear/metrics_full.json
      hash: md5
      md5: 492cd37b165666e9e6c57d81c4f0ebaa
      size: 96
    - path: results/linear/residual_plot_full.png
      hash: md5
      md5: 8152a95707e4d75e170ea4893b155354
      size: 98668
  train_tree:
    cmd: python tree_learn.py
    deps:
    - path: prepare/X_train.csv
      hash: md5
      md5: 951ed1e034405977317d9dca0b7aa292
      size: 417024
    - path: prepare/y_train.csv
      hash: md5
      md5: 31befaa5fa07e3325ffec4fd07cf36b3
      size: 107663
    - path: tree_learn.py
      hash: md5
      md5: 8d5ef6942c47f12adda980b9ab5ed380
      size: 2244
    outs:
    - path: models/tree_model.pkl
      hash: md5
      md5: c48b8fc43127dc6eee4d215237ae5fe3
      size: 35921
    - path: results/tree/metrics_learn.json
      hash: md5
      md5: afd492da9e4fc4691f0c956e9ff8bf1c
      size: 96
    - path: results/tree/tree_structure.png
      hash: md5
      md5: 55b90109ed5baeced51e98df34acf5d0
      size: 98033
  validate_tree:
    cmd: python tree_valid.py
    deps:
    - path: models/tree_model.pkl
      hash: md5
      md5: c48b8fc43127dc6eee4d215237ae5fe3
      size: 35921
    - path: prepare/X_val.csv
      hash: md5
      md5: ab6214fb595f0777887f27920ea9f4a3
      size: 278184
    - path: prepare/y_val.csv
      hash: md5
      md5: 3e9f5fb3f7224642b25e333694a4c580
      size: 71858
    - path: tree_valid.py
      hash: md5
      md5: 331f8c257b6df45c7451dc0a55796872
      size: 2155
    outs:
    - path: results/tree/actual_vs_pred_valid.png
      hash: md5
      md5: c5e5a39edd8e016ce91324fe2e84179f
      size: 170544
    - path: results/tree/metrics_valid.json
      hash: md5
      md5: b947787ab1ce4af53e82445ba66df003
      size: 97
    - path: results/tree/residual_plot_valid.png
      hash: md5
      md5: 9003d7e2851c5b9c112f11a362dd3146
      size: 124728
  fullrun_tree:
    cmd: python tree_full.py
    deps:
    - path: models/tree_model.pkl
      hash: md5
      md5: c48b8fc43127dc6eee4d215237ae5fe3
      size: 35921
    - path: prepare/X_full.csv
      hash: md5
      md5: 6bc73e8630953323505add078c71d90f
      size: 695097
    - path: prepare/y_full.csv
      hash: md5
      md5: 168f111a31d410b1a5f5be395dc7b27f
      size: 179501
    - path: tree_full.py
      hash: md5
      md5: 48f50d482264f5b8f24a596ae0614cfd
      size: 1911
    outs:
    - path: results/tree/actual_vs_pred_full.png
      hash: md5
      md5: eaeed919dfac27560b93048e7d6187ae
      size: 175125
    - path: results/tree/metrics_full.json
      hash: md5
      md5: 4221795c6b82325d8de9b2c1698ae2c1
      size: 96
    - path: results/tree/residual_plot_full.png
      hash: md5
      md5: 571cf6ffe624cd1b3dfad69e37e0ef1e
      size: 126274
  train_cat:
    cmd: python catboost_learn.py
    deps:
    - path: catboost_learn.py
      hash: md5
      md5: 9c2ac198cc6a1afc76d30ae8bddc1ddf
      size: 2147
    - path: prepare/X_train.csv
      hash: md5
      md5: 951ed1e034405977317d9dca0b7aa292
      size: 417024
    - path: prepare/y_train.csv
      hash: md5
      md5: 31befaa5fa07e3325ffec4fd07cf36b3
      size: 107663
    outs:
    - path: models/catboost_model.cbm
      hash: md5
      md5: 1c9faf5e7ee24c9abe2a97ac388040f9
      size: 832976
    - path: results/catboost/feature_importance.csv
      hash: md5
      md5: 0b25fdf31f093d47ecc05ff758d4958e
      size: 246
    - path: results/catboost/feature_importance.png
      hash: md5
      md5: 9695b81f5713384eb5c6ec2065b4437c
      size: 23242
    - path: results/catboost/metrics_learn.json
      hash: md5
      md5: cff570c74d13548a9a8e516e11309058
      size: 97
  validate_cat:
    cmd: python catboost_valid.py
    deps:
    - path: catboost_valid.py
      hash: md5
      md5: 29c8414c94b6ac0b79bbb8633ab35564
      size: 1952
    - path: models/catboost_model.cbm
      hash: md5
      md5: 1c9faf5e7ee24c9abe2a97ac388040f9
      size: 832976
    - path: prepare/X_val.csv
      hash: md5
      md5: ab6214fb595f0777887f27920ea9f4a3
      size: 278184
    - path: prepare/y_val.csv
      hash: md5
      md5: 3e9f5fb3f7224642b25e333694a4c580
      size: 71858
    outs:
    - path: results/catboost/actual_vs_pred_valid.png
      hash: md5
      md5: 4e70627681e1330222e420ccd786e805
      size: 178617
    - path: results/catboost/metrics_valid.json
      hash: md5
      md5: 413edf045a0cac892af61374d425fc2b
      size: 97
    - path: results/catboost/residual_plot_valid.png
      hash: md5
      md5: 7437fab1776c7802f1a2a564a95e468f
      size: 170299
  fullrun_cat:
    cmd: python catboost_full.py
    deps:
    - path: catboost_full.py
      hash: md5
      md5: 6022e6bcc3499cf56964e91a2e36e0aa
      size: 1968
    - path: models/catboost_model.cbm
      hash: md5
      md5: 1c9faf5e7ee24c9abe2a97ac388040f9
      size: 832976
    - path: prepare/X_full.csv
      hash: md5
      md5: 6bc73e8630953323505add078c71d90f
      size: 695097
    - path: prepare/y_full.csv
      hash: md5
      md5: 168f111a31d410b1a5f5be395dc7b27f
      size: 179501
    outs:
    - path: results/catboost/actual_vs_pred_full.png
      hash: md5
      md5: 7d87c731ab4c1dc33e445f0c9ee62723
      size: 184563
    - path: results/catboost/metrics_full.json
      hash: md5
      md5: 1d3ecb21d39ff6fb1abb25d7d2576979
      size: 96
    - path: results/catboost/residual_plot_full.png
      hash: md5
      md5: 73334dd93212ba57a120cad2ed1f8f5c
      size: 163548
  train_xgb:
    cmd: python xgboost_learn.py
    deps:
    - path: prepare/X_train.csv
      hash: md5
      md5: 951ed1e034405977317d9dca0b7aa292
      size: 417024
    - path: prepare/y_train.csv
      hash: md5
      md5: 31befaa5fa07e3325ffec4fd07cf36b3
      size: 107663
    - path: xgboost_learn.py
      hash: md5
      md5: 86d24dc0263fb62c36d2ab85435241e3
      size: 1798
    outs:
    - path: models/xgboost_model.json
      hash: md5
      md5: be0bf1cec36145c66582158f324d54d0
      size: 585505
    - path: results/xgboost/feature_importance.csv
      hash: md5
      md5: dec3521e70ec928a2a42d01cbb2e28d3
      size: 205
    - path: results/xgboost/feature_importance.png
      hash: md5
      md5: c15b05691aaa0bff3464cd6c80d7f349
      size: 23270
    - path: results/xgboost/metrics_learn.json
      hash: md5
      md5: db74b8d098df141a3514622cef25fc6c
      size: 84
  validate_xgb:
    cmd: python xgboost_valid.py
    deps:
    - path: models/xgboost_model.json
      hash: md5
      md5: be0bf1cec36145c66582158f324d54d0
      size: 585505
    - path: prepare/X_val.csv
      hash: md5
      md5: ab6214fb595f0777887f27920ea9f4a3
      size: 278184
    - path: prepare/y_val.csv
      hash: md5
      md5: 3e9f5fb3f7224642b25e333694a4c580
      size: 71858
    - path: xgboost_valid.py
      hash: md5
      md5: 88e043ca381c2c55d3124a8a7b4b796f
      size: 1937
    outs:
    - path: results/xgboost/actual_vs_pred_valid.png
      hash: md5
      md5: 0fccf578856f7f46162fa16fd0bf6929
      size: 192669
    - path: results/xgboost/metrics_valid.json
      hash: md5
      md5: 2573344da5fbc56885a087847e3dfc8f
      size: 87
    - path: results/xgboost/residual_plot_valid.png
      hash: md5
      md5: 998bdda085e0cde2b5504b7abd0d84c3
      size: 159055
  fullrun_xgb:
    cmd: python xgboost_full.py
    deps:
    - path: models/xgboost_model.json
      hash: md5
      md5: be0bf1cec36145c66582158f324d54d0
      size: 585505
    - path: prepare/X_full.csv
      hash: md5
      md5: 6bc73e8630953323505add078c71d90f
      size: 695097
    - path: prepare/y_full.csv
      hash: md5
      md5: 168f111a31d410b1a5f5be395dc7b27f
      size: 179501
    - path: xgboost_full.py
      hash: md5
      md5: d1f046501825b3d2ac0ef74299be1bd6
      size: 1932
    outs:
    - path: results/xgboost/actual_vs_pred_full.png
      hash: md5
      md5: 4ef069fd20a0c1f538cff42a947cef82
      size: 188376
    - path: results/xgboost/metrics_full.json
      hash: md5
      md5: 8318a1b03c12ed2dcd1dce8fb5784161
      size: 87
    - path: results/xgboost/residual_plot_full.png
      hash: md5
      md5: 55dbc2fd22e499798bd44db0b4c3cb6d
      size: 149178
  train_mlp:
    cmd: python mlp_learn.py
    deps:
    - path: mlp_learn.py
      hash: md5
      md5: 3787c1e4f5714eac8f87d75187820da3
      size: 3142
    - path: prepare/X_train.csv
      hash: md5
      md5: 951ed1e034405977317d9dca0b7aa292
      size: 417024
    - path: prepare/y_train.csv
      hash: md5
      md5: 31befaa5fa07e3325ffec4fd07cf36b3
      size: 107663
    outs:
    - path: models/mlp_model.pkl
      hash: md5
      md5: 8bd373b7b9884d4ab6f8a4a62dca075c
      size: 312287
    - path: results/mlp/loss_curve.png
      hash: md5
      md5: 660fcd4aa2dd17add7720e96ddfd9739
      size: 18862
    - path: results/mlp/metrics_learn.json
      hash: md5
      md5: a3adfb68952599df7b3284689a50647d
      size: 97
    - path: results/mlp/weights_histogram_layer1.png
      hash: md5
      md5: 27801affd873971b7352cdcd33feee51
      size: 16654
    - path: results/mlp/weights_histogram_layer2.png
      hash: md5
      md5: fb7ebd89c9226150b428657fafd51247
      size: 19291
    - path: results/mlp/weights_histogram_layer3.png
      hash: md5
      md5: 3c30d3ef44949f94fccb7a3d001a1b65
      size: 17199
    - path: runs/mlp/
      hash: md5
      md5: 55316a08e85c8e243fdc57513d1912fe.dir
      size: 29123
      nfiles: 1
  validate_mlp:
    cmd: python mlp_valid.py
    deps:
    - path: mlp_valid.py
      hash: md5
      md5: 663a96f9aa98bbb58ed4c3d5be846001
      size: 1869
    - path: models/mlp_model.pkl
      hash: md5
      md5: 8bd373b7b9884d4ab6f8a4a62dca075c
      size: 312287
    - path: prepare/X_val.csv
      hash: md5
      md5: ab6214fb595f0777887f27920ea9f4a3
      size: 278184
    - path: prepare/y_val.csv
      hash: md5
      md5: 3e9f5fb3f7224642b25e333694a4c580
      size: 71858
    outs:
    - path: results/mlp/actual_vs_pred_valid.png
      hash: md5
      md5: 80aac683808e3df720c30cc7ab5880d0
      size: 36877
    - path: results/mlp/metrics_valid.json
      hash: md5
      md5: 0a36ecc6db03392efb870248f73f84de
      size: 95
    - path: results/mlp/residual_plot_valid.png
      hash: md5
      md5: adf2ac6ce1cddf2c48a7d16516297ff9
      size: 29581
  fullrun_mlp:
    cmd: python mlp_full.py
    deps:
    - path: mlp_full.py
      hash: md5
      md5: b1f379ad893ab3f03cd8bb360739765a
      size: 1856
    - path: models/mlp_model.pkl
      hash: md5
      md5: 8bd373b7b9884d4ab6f8a4a62dca075c
      size: 312287
    - path: prepare/X_full.csv
      hash: md5
      md5: 6bc73e8630953323505add078c71d90f
      size: 695097
    - path: prepare/y_full.csv
      hash: md5
      md5: 168f111a31d410b1a5f5be395dc7b27f
      size: 179501
    outs:
    - path: results/mlp/actual_vs_pred_full.png
      hash: md5
      md5: ed3625e987c418282d9c3170b8953c5c
      size: 37190
    - path: results/mlp/metrics_full.json
      hash: md5
      md5: 27dbda6c7788010d26b319f655e7d862
      size: 96
    - path: results/mlp/residual_plot_full.png
      hash: md5
      md5: 65d371756823aee5eb230059ff80f66e
      size: 30445
  prepare_data:
    cmd: python prepare_data.py
    outs:
    - path: prepare/X_full.csv
      hash: md5
      md5: 6bc73e8630953323505add078c71d90f
      size: 695097
    - path: prepare/X_train.csv
      hash: md5
      md5: 951ed1e034405977317d9dca0b7aa292
      size: 417024
    - path: prepare/X_val.csv
      hash: md5
      md5: ab6214fb595f0777887f27920ea9f4a3
      size: 278184
    - path: prepare/y_full.csv
      hash: md5
      md5: 168f111a31d410b1a5f5be395dc7b27f
      size: 179501
    - path: prepare/y_train.csv
      hash: md5
      md5: 31befaa5fa07e3325ffec4fd07cf36b3
      size: 107663
    - path: prepare/y_val.csv
      hash: md5
      md5: 3e9f5fb3f7224642b25e333694a4c580
      size: 71858
